FORGE
  remote: http://forge.puppetlabs.com
  specs:
    puppetlabs/apt (1.2.0)
      puppetlabs/stdlib (>= 2.2.1)
    puppetlabs/stdlib (4.1.0)

GIT
  remote: git://github.com/jenkinsci/puppet-jenkins.git
  ref: master
  sha: b0f1d8c10c8544fe4b2adb06ee606ee1e9eb3ee2
  specs:
    jenkins-ci/jenkins (0.2.4)
      puppetlabs/apt (>= 0.0.3)
      puppetlabs/stdlib (>= 2.0.0)

DEPENDENCIES
  jenkins-ci/jenkins (>= 0)

